// !$*UTF8*$!
{
	archiveVersion = 1;
	classes = {
	};
	objectVersion = 46;
	objects = {

/* Begin PBXBuildFile section */
		B7A4CC6C1F66695300848640 /* main.m in Sources */ = {isa = PBXBuildFile; fileRef = B7A4CC6B1F66695300848640 /* main.m */; };
		B7A4CC6F1F66695300848640 /* AppDelegate.m in Sources */ = {isa = PBXBuildFile; fileRef = B7A4CC6E1F66695300848640 /* AppDelegate.m */; };
		B7A4CC721F66695300848640 /* ViewController.m in Sources */ = {isa = PBXBuildFile; fileRef = B7A4CC711F66695300848640 /* ViewController.m */; };
		B7A4CC751F66695300848640 /* Main.storyboard in Resources */ = {isa = PBXBuildFile; fileRef = B7A4CC731F66695300848640 /* Main.storyboard */; };
		B7A4CC771F66695300848640 /* Assets.xcassets in Resources */ = {isa = PBXBuildFile; fileRef = B7A4CC761F66695300848640 /* Assets.xcassets */; };
		B7A4CC7A1F66695300848640 /* LaunchScreen.storyboard in Resources */ = {isa = PBXBuildFile; fileRef = B7A4CC781F66695300848640 /* LaunchScreen.storyboard */; };
		B7A4CC851F66695400848640 /* YMShareMessageTests.m in Sources */ = {isa = PBXBuildFile; fileRef = B7A4CC841F66695400848640 /* YMShareMessageTests.m */; };
		B7A4CC901F66695400848640 /* YMShareMessageUITests.m in Sources */ = {isa = PBXBuildFile; fileRef = B7A4CC8F1F66695400848640 /* YMShareMessageUITests.m */; };
		B7A4CCD61F6669A100848640 /* OpenShare+Alipay.m in Sources */ = {isa = PBXBuildFile; fileRef = B7A4CCA01F6669A100848640 /* OpenShare+Alipay.m */; };
		B7A4CCD71F6669A100848640 /* OpenShare+QQ.m in Sources */ = {isa = PBXBuildFile; fileRef = B7A4CCA21F6669A100848640 /* OpenShare+QQ.m */; };
		B7A4CCD81F6669A100848640 /* OpenShare+Renren.m in Sources */ = {isa = PBXBuildFile; fileRef = B7A4CCA41F6669A100848640 /* OpenShare+Renren.m */; };
		B7A4CCD91F6669A100848640 /* OpenShare+Weibo.m in Sources */ = {isa = PBXBuildFile; fileRef = B7A4CCA61F6669A100848640 /* OpenShare+Weibo.m */; };
		B7A4CCDA1F6669A100848640 /* OpenShare+Weixin.m in Sources */ = {isa = PBXBuildFile; fileRef = B7A4CCA81F6669A100848640 /* OpenShare+Weixin.m */; };
		B7A4CCDB1F6669A100848640 /* OpenShare.m in Sources */ = {isa = PBXBuildFile; fileRef = B7A4CCAA1F6669A100848640 /* OpenShare.m */; };
		B7A4CCDC1F6669A100848640 /* Action_Copy@2x.png in Resources */ = {isa = PBXBuildFile; fileRef = B7A4CCAD1F6669A100848640 /* Action_Copy@2x.png */; };
		B7A4CCDD1F6669A100848640 /* Action_Copy@3x.png in Resources */ = {isa = PBXBuildFile; fileRef = B7A4CCAE1F6669A100848640 /* Action_Copy@3x.png */; };
		B7A4CCDE1F6669A100848640 /* Action_facebook@2x.png in Resources */ = {isa = PBXBuildFile; fileRef = B7A4CCAF1F6669A100848640 /* Action_facebook@2x.png */; };
		B7A4CCDF1F6669A100848640 /* Action_facebook@3x.png in Resources */ = {isa = PBXBuildFile; fileRef = B7A4CCB01F6669A100848640 /* Action_facebook@3x.png */; };
		B7A4CCE01F6669A100848640 /* Action_Font@2x.png in Resources */ = {isa = PBXBuildFile; fileRef = B7A4CCB11F6669A100848640 /* Action_Font@2x.png */; };
		B7A4CCE11F6669A100848640 /* Action_Font@3x.png in Resources */ = {isa = PBXBuildFile; fileRef = B7A4CCB21F6669A100848640 /* Action_Font@3x.png */; };
		B7A4CCE21F6669A100848640 /* Action_Friends@2x.png in Resources */ = {isa = PBXBuildFile; fileRef = B7A4CCB31F6669A100848640 /* Action_Friends@2x.png */; };
		B7A4CCE31F6669A100848640 /* Action_Friends@3x.png in Resources */ = {isa = PBXBuildFile; fileRef = B7A4CCB41F6669A100848640 /* Action_Friends@3x.png */; };
		B7A4CCE41F6669A100848640 /* Action_Melting@2x.png in Resources */ = {isa = PBXBuildFile; fileRef = B7A4CCB51F6669A100848640 /* Action_Melting@2x.png */; };
		B7A4CCE51F6669A100848640 /* Action_Melting@3x.png in Resources */ = {isa = PBXBuildFile; fileRef = B7A4CCB61F6669A100848640 /* Action_Melting@3x.png */; };
		B7A4CCE61F6669A100848640 /* Action_Moments@2x.png in Resources */ = {isa = PBXBuildFile; fileRef = B7A4CCB71F6669A100848640 /* Action_Moments@2x.png */; };
		B7A4CCE71F6669A100848640 /* Action_Moments@3x.png in Resources */ = {isa = PBXBuildFile; fileRef = B7A4CCB81F6669A100848640 /* Action_Moments@3x.png */; };
		B7A4CCE81F6669A100848640 /* Action_MyFavAdd@2x.png in Resources */ = {isa = PBXBuildFile; fileRef = B7A4CCB91F6669A100848640 /* Action_MyFavAdd@2x.png */; };
		B7A4CCE91F6669A100848640 /* Action_MyFavAdd@3x.png in Resources */ = {isa = PBXBuildFile; fileRef = B7A4CCBA1F6669A100848640 /* Action_MyFavAdd@3x.png */; };
		B7A4CCEA1F6669A100848640 /* Action_QQ@2x.png in Resources */ = {isa = PBXBuildFile; fileRef = B7A4CCBB1F6669A100848640 /* Action_QQ@2x.png */; };
		B7A4CCEB1F6669A100848640 /* Action_QQ@3x.png in Resources */ = {isa = PBXBuildFile; fileRef = B7A4CCBC1F6669A100848640 /* Action_QQ@3x.png */; };
		B7A4CCEC1F6669A100848640 /* Action_qzone@2x.png in Resources */ = {isa = PBXBuildFile; fileRef = B7A4CCBD1F6669A100848640 /* Action_qzone@2x.png */; };
		B7A4CCED1F6669A100848640 /* Action_qzone@3x.png in Resources */ = {isa = PBXBuildFile; fileRef = B7A4CCBE1F6669A100848640 /* Action_qzone@3x.png */; };
		B7A4CCEE1F6669A100848640 /* Action_Refresh@2x.png in Resources */ = {isa = PBXBuildFile; fileRef = B7A4CCBF1F6669A100848640 /* Action_Refresh@2x.png */; };
		B7A4CCEF1F6669A100848640 /* Action_Refresh@3x.png in Resources */ = {isa = PBXBuildFile; fileRef = B7A4CCC01F6669A100848640 /* Action_Refresh@3x.png */; };
		B7A4CCF01F6669A100848640 /* Action_Share@2x.png in Resources */ = {isa = PBXBuildFile; fileRef = B7A4CCC11F6669A100848640 /* Action_Share@2x.png */; };
		B7A4CCF11F6669A100848640 /* Action_Share@3x.png in Resources */ = {isa = PBXBuildFile; fileRef = B7A4CCC21F6669A100848640 /* Action_Share@3x.png */; };
		B7A4CCF21F6669A100848640 /* Action_Verified@2x.png in Resources */ = {isa = PBXBuildFile; fileRef = B7A4CCC31F6669A100848640 /* Action_Verified@2x.png */; };
		B7A4CCF31F6669A100848640 /* Action_Verified@3x.png in Resources */ = {isa = PBXBuildFile; fileRef = B7A4CCC41F6669A100848640 /* Action_Verified@3x.png */; };
		B7A4CCF41F6669A100848640 /* background@2x.png in Resources */ = {isa = PBXBuildFile; fileRef = B7A4CCC51F6669A100848640 /* background@2x.png */; };
		B7A4CCF51F6669A100848640 /* barbuttonicon_more@2x.png in Resources */ = {isa = PBXBuildFile; fileRef = B7A4CCC61F6669A100848640 /* barbuttonicon_more@2x.png */; };
		B7A4CCF61F6669A100848640 /* barbuttonicon_more@3x.png in Resources */ = {isa = PBXBuildFile; fileRef = B7A4CCC71F6669A100848640 /* barbuttonicon_more@3x.png */; };
		B7A4CCF71F6669A100848640 /* YMShareItem.m in Sources */ = {isa = PBXBuildFile; fileRef = B7A4CCCA1F6669A100848640 /* YMShareItem.m */; };
		B7A4CCF81F6669A100848640 /* YMShareItemCell.m in Sources */ = {isa = PBXBuildFile; fileRef = B7A4CCCC1F6669A100848640 /* YMShareItemCell.m */; };
		B7A4CCF91F6669A100848640 /* YMShareSheetCell.m in Sources */ = {isa = PBXBuildFile; fileRef = B7A4CCCE1F6669A100848640 /* YMShareSheetCell.m */; };
		B7A4CCFA1F6669A100848640 /* YMShareSheetView.m in Sources */ = {isa = PBXBuildFile; fileRef = B7A4CCD01F6669A100848640 /* YMShareSheetView.m */; };
		B7A4CCFB1F6669A100848640 /* YMShareView.m in Sources */ = {isa = PBXBuildFile; fileRef = B7A4CCD21F6669A100848640 /* YMShareView.m */; };
		B7A4CCFC1F6669A100848640 /* YMShareManager.m in Sources */ = {isa = PBXBuildFile; fileRef = B7A4CCD51F6669A100848640 /* YMShareManager.m */; };
		B7A4CCFE1F666D1700848640 /* icon.png in Resources */ = {isa = PBXBuildFile; fileRef = B7A4CCFD1F666D1700848640 /* icon.png */; };
/* End PBXBuildFile section */

/* Begin PBXContainerItemProxy section */
		B7A4CC811F66695400848640 /* PBXContainerItemProxy */ = {
			isa = PBXContainerItemProxy;
			containerPortal = B7A4CC5F1F66695300848640 /* Project object */;
			proxyType = 1;
			remoteGlobalIDString = B7A4CC661F66695300848640;
			remoteInfo = YMShareMessage;
		};
		B7A4CC8C1F66695400848640 /* PBXContainerItemProxy */ = {
			isa = PBXContainerItemProxy;
			containerPortal = B7A4CC5F1F66695300848640 /* Project object */;
			proxyType = 1;
			remoteGlobalIDString = B7A4CC661F66695300848640;
			remoteInfo = YMShareMessage;
		};
/* End PBXContainerItemProxy section */

/* Begin PBXFileReference section */
		B7A4CC671F66695300848640 /* YMShareMessage.app */ = {isa = PBXFileReference; explicitFileType = wrapper.application; includeInIndex = 0; path = YMShareMessage.app; sourceTree = BUILT_PRODUCTS_DIR; };
		B7A4CC6B1F66695300848640 /* main.m */ = {isa = PBXFileReference; lastKnownFileType = sourcecode.c.objc; path = main.m; sourceTree = "<group>"; };
		B7A4CC6D1F66695300848640 /* AppDelegate.h */ = {isa = PBXFileReference; lastKnownFileType = sourcecode.c.h; path = AppDelegate.h; sourceTree = "<group>"; };
		B7A4CC6E1F66695300848640 /* AppDelegate.m */ = {isa = PBXFileReference; lastKnownFileType = sourcecode.c.objc; path = AppDelegate.m; sourceTree = "<group>"; };
		B7A4CC701F66695300848640 /* ViewController.h */ = {isa = PBXFileReference; lastKnownFileType = sourcecode.c.h; path = ViewController.h; sourceTree = "<group>"; };
		B7A4CC711F66695300848640 /* ViewController.m */ = {isa = PBXFileReference; lastKnownFileType = sourcecode.c.objc; path = ViewController.m; sourceTree = "<group>"; };
		B7A4CC741F66695300848640 /* Base */ = {isa = PBXFileReference; lastKnownFileType = file.storyboard; name = Base; path = Base.lproj/Main.storyboard; sourceTree = "<group>"; };
		B7A4CC761F66695300848640 /* Assets.xcassets */ = {isa = PBXFileReference; lastKnownFileType = folder.assetcatalog; path = Assets.xcassets; sourceTree = "<group>"; };
		B7A4CC791F66695300848640 /* Base */ = {isa = PBXFileReference; lastKnownFileType = file.storyboard; name = Base; path = Base.lproj/LaunchScreen.storyboard; sourceTree = "<group>"; };
		B7A4CC7B1F66695300848640 /* Info.plist */ = {isa = PBXFileReference; lastKnownFileType = text.plist.xml; path = Info.plist; sourceTree = "<group>"; };
		B7A4CC801F66695400848640 /* YMShareMessageTests.xctest */ = {isa = PBXFileReference; explicitFileType = wrapper.cfbundle; includeInIndex = 0; path = YMShareMessageTests.xctest; sourceTree = BUILT_PRODUCTS_DIR; };
		B7A4CC841F66695400848640 /* YMShareMessageTests.m */ = {isa = PBXFileReference; lastKnownFileType = sourcecode.c.objc; path = YMShareMessageTests.m; sourceTree = "<group>"; };
		B7A4CC861F66695400848640 /* Info.plist */ = {isa = PBXFileReference; lastKnownFileType = text.plist.xml; path = Info.plist; sourceTree = "<group>"; };
		B7A4CC8B1F66695400848640 /* YMShareMessageUITests.xctest */ = {isa = PBXFileReference; explicitFileType = wrapper.cfbundle; includeInIndex = 0; path = YMShareMessageUITests.xctest; sourceTree = BUILT_PRODUCTS_DIR; };
		B7A4CC8F1F66695400848640 /* YMShareMessageUITests.m */ = {isa = PBXFileReference; lastKnownFileType = sourcecode.c.objc; path = YMShareMessageUITests.m; sourceTree = "<group>"; };
		B7A4CC911F66695400848640 /* Info.plist */ = {isa = PBXFileReference; lastKnownFileType = text.plist.xml; path = Info.plist; sourceTree = "<group>"; };
		B7A4CC9F1F6669A100848640 /* OpenShare+Alipay.h */ = {isa = PBXFileReference; fileEncoding = 4; lastKnownFileType = sourcecode.c.h; path = "OpenShare+Alipay.h"; sourceTree = "<group>"; };
		B7A4CCA01F6669A100848640 /* OpenShare+Alipay.m */ = {isa = PBXFileReference; fileEncoding = 4; lastKnownFileType = sourcecode.c.objc; path = "OpenShare+Alipay.m"; sourceTree = "<group>"; };
		B7A4CCA11F6669A100848640 /* OpenShare+QQ.h */ = {isa = PBXFileReference; fileEncoding = 4; lastKnownFileType = sourcecode.c.h; path = "OpenShare+QQ.h"; sourceTree = "<group>"; };
		B7A4CCA21F6669A100848640 /* OpenShare+QQ.m */ = {isa = PBXFileReference; fileEncoding = 4; lastKnownFileType = sourcecode.c.objc; path = "OpenShare+QQ.m"; sourceTree = "<group>"; };
		B7A4CCA31F6669A100848640 /* OpenShare+Renren.h */ = {isa = PBXFileReference; fileEncoding = 4; lastKnownFileType = sourcecode.c.h; path = "OpenShare+Renren.h"; sourceTree = "<group>"; };
		B7A4CCA41F6669A100848640 /* OpenShare+Renren.m */ = {isa = PBXFileReference; fileEncoding = 4; lastKnownFileType = sourcecode.c.objc; path = "OpenShare+Renren.m"; sourceTree = "<group>"; };
		B7A4CCA51F6669A100848640 /* OpenShare+Weibo.h */ = {isa = PBXFileReference; fileEncoding = 4; lastKnownFileType = sourcecode.c.h; path = "OpenShare+Weibo.h"; sourceTree = "<group>"; };
		B7A4CCA61F6669A100848640 /* OpenShare+Weibo.m */ = {isa = PBXFileReference; fileEncoding = 4; lastKnownFileType = sourcecode.c.objc; path = "OpenShare+Weibo.m"; sourceTree = "<group>"; };
		B7A4CCA71F6669A100848640 /* OpenShare+Weixin.h */ = {isa = PBXFileReference; fileEncoding = 4; lastKnownFileType = sourcecode.c.h; path = "OpenShare+Weixin.h"; sourceTree = "<group>"; };
		B7A4CCA81F6669A100848640 /* OpenShare+Weixin.m */ = {isa = PBXFileReference; fileEncoding = 4; lastKnownFileType = sourcecode.c.objc; path = "OpenShare+Weixin.m"; sourceTree = "<group>"; };
		B7A4CCA91F6669A100848640 /* OpenShare.h */ = {isa = PBXFileReference; fileEncoding = 4; lastKnownFileType = sourcecode.c.h; path = OpenShare.h; sourceTree = "<group>"; };
		B7A4CCAA1F6669A100848640 /* OpenShare.m */ = {isa = PBXFileReference; fileEncoding = 4; lastKnownFileType = sourcecode.c.objc; path = OpenShare.m; sourceTree = "<group>"; };
		B7A4CCAB1F6669A100848640 /* OpenShareHeader.h */ = {isa = PBXFileReference; fileEncoding = 4; lastKnownFileType = sourcecode.c.h; path = OpenShareHeader.h; sourceTree = "<group>"; };
		B7A4CCAD1F6669A100848640 /* Action_Copy@2x.png */ = {isa = PBXFileReference; lastKnownFileType = image.png; path = "Action_Copy@2x.png"; sourceTree = "<group>"; };
		B7A4CCAE1F6669A100848640 /* Action_Copy@3x.png */ = {isa = PBXFileReference; lastKnownFileType = image.png; path = "Action_Copy@3x.png"; sourceTree = "<group>"; };
		B7A4CCAF1F6669A100848640 /* Action_facebook@2x.png */ = {isa = PBXFileReference; lastKnownFileType = image.png; path = "Action_facebook@2x.png"; sourceTree = "<group>"; };
		B7A4CCB01F6669A100848640 /* Action_facebook@3x.png */ = {isa = PBXFileReference; lastKnownFileType = image.png; path = "Action_facebook@3x.png"; sourceTree = "<group>"; };
		B7A4CCB11F6669A100848640 /* Action_Font@2x.png */ = {isa = PBXFileReference; lastKnownFileType = image.png; path = "Action_Font@2x.png"; sourceTree = "<group>"; };
		B7A4CCB21F6669A100848640 /* Action_Font@3x.png */ = {isa = PBXFileReference; lastKnownFileType = image.png; path = "Action_Font@3x.png"; sourceTree = "<group>"; };
		B7A4CCB31F6669A100848640 /* Action_Friends@2x.png */ = {isa = PBXFileReference; lastKnownFileType = image.png; path = "Action_Friends@2x.png"; sourceTree = "<group>"; };
		B7A4CCB41F6669A100848640 /* Action_Friends@3x.png */ = {isa = PBXFileReference; lastKnownFileType = image.png; path = "Action_Friends@3x.png"; sourceTree = "<group>"; };
		B7A4CCB51F6669A100848640 /* Action_Melting@2x.png */ = {isa = PBXFileReference; lastKnownFileType = image.png; path = "Action_Melting@2x.png"; sourceTree = "<group>"; };
		B7A4CCB61F6669A100848640 /* Action_Melting@3x.png */ = {isa = PBXFileReference; lastKnownFileType = image.png; path = "Action_Melting@3x.png"; sourceTree = "<group>"; };
		B7A4CCB71F6669A100848640 /* Action_Moments@2x.png */ = {isa = PBXFileReference; lastKnownFileType = image.png; path = "Action_Moments@2x.png"; sourceTree = "<group>"; };
		B7A4CCB81F6669A100848640 /* Action_Moments@3x.png */ = {isa = PBXFileReference; lastKnownFileType = image.png; path = "Action_Moments@3x.png"; sourceTree = "<group>"; };
		B7A4CCB91F6669A100848640 /* Action_MyFavAdd@2x.png */ = {isa = PBXFileReference; lastKnownFileType = image.png; path = "Action_MyFavAdd@2x.png"; sourceTree = "<group>"; };
		B7A4CCBA1F6669A100848640 /* Action_MyFavAdd@3x.png */ = {isa = PBXFileReference; lastKnownFileType = image.png; path = "Action_MyFavAdd@3x.png"; sourceTree = "<group>"; };
		B7A4CCBB1F6669A100848640 /* Action_QQ@2x.png */ = {isa = PBXFileReference; lastKnownFileType = image.png; path = "Action_QQ@2x.png"; sourceTree = "<group>"; };
		B7A4CCBC1F6669A100848640 /* Action_QQ@3x.png */ = {isa = PBXFileReference; lastKnownFileType = image.png; path = "Action_QQ@3x.png"; sourceTree = "<group>"; };
		B7A4CCBD1F6669A100848640 /* Action_qzone@2x.png */ = {isa = PBXFileReference; lastKnownFileType = image.png; path = "Action_qzone@2x.png"; sourceTree = "<group>"; };
		B7A4CCBE1F6669A100848640 /* Action_qzone@3x.png */ = {isa = PBXFileReference; lastKnownFileType = image.png; path = "Action_qzone@3x.png"; sourceTree = "<group>"; };
		B7A4CCBF1F6669A100848640 /* Action_Refresh@2x.png */ = {isa = PBXFileReference; lastKnownFileType = image.png; path = "Action_Refresh@2x.png"; sourceTree = "<group>"; };
		B7A4CCC01F6669A100848640 /* Action_Refresh@3x.png */ = {isa = PBXFileReference; lastKnownFileType = image.png; path = "Action_Refresh@3x.png"; sourceTree = "<group>"; };
		B7A4CCC11F6669A100848640 /* Action_Share@2x.png */ = {isa = PBXFileReference; lastKnownFileType = image.png; path = "Action_Share@2x.png"; sourceTree = "<group>"; };
		B7A4CCC21F6669A100848640 /* Action_Share@3x.png */ = {isa = PBXFileReference; lastKnownFileType = image.png; path = "Action_Share@3x.png"; sourceTree = "<group>"; };
		B7A4CCC31F6669A100848640 /* Action_Verified@2x.png */ = {isa = PBXFileReference; lastKnownFileType = image.png; path = "Action_Verified@2x.png"; sourceTree = "<group>"; };
		B7A4CCC41F6669A100848640 /* Action_Verified@3x.png */ = {isa = PBXFileReference; lastKnownFileType = image.png; path = "Action_Verified@3x.png"; sourceTree = "<group>"; };
		B7A4CCC51F6669A100848640 /* background@2x.png */ = {isa = PBXFileReference; lastKnownFileType = image.png; path = "background@2x.png"; sourceTree = "<group>"; };
		B7A4CCC61F6669A100848640 /* barbuttonicon_more@2x.png */ = {isa = PBXFileReference; lastKnownFileType = image.png; path = "barbuttonicon_more@2x.png"; sourceTree = "<group>"; };
		B7A4CCC71F6669A100848640 /* barbuttonicon_more@3x.png */ = {isa = PBXFileReference; lastKnownFileType = image.png; path = "barbuttonicon_more@3x.png"; sourceTree = "<group>"; };
		B7A4CCC91F6669A100848640 /* YMShareItem.h */ = {isa = PBXFileReference; fileEncoding = 4; lastKnownFileType = sourcecode.c.h; path = YMShareItem.h; sourceTree = "<group>"; };
		B7A4CCCA1F6669A100848640 /* YMShareItem.m */ = {isa = PBXFileReference; fileEncoding = 4; lastKnownFileType = sourcecode.c.objc; path = YMShareItem.m; sourceTree = "<group>"; };
		B7A4CCCB1F6669A100848640 /* YMShareItemCell.h */ = {isa = PBXFileReference; fileEncoding = 4; lastKnownFileType = sourcecode.c.h; path = YMShareItemCell.h; sourceTree = "<group>"; };
		B7A4CCCC1F6669A100848640 /* YMShareItemCell.m */ = {isa = PBXFileReference; fileEncoding = 4; lastKnownFileType = sourcecode.c.objc; path = YMShareItemCell.m; sourceTree = "<group>"; };
		B7A4CCCD1F6669A100848640 /* YMShareSheetCell.h */ = {isa = PBXFileReference; fileEncoding = 4; lastKnownFileType = sourcecode.c.h; path = YMShareSheetCell.h; sourceTree = "<group>"; };
		B7A4CCCE1F6669A100848640 /* YMShareSheetCell.m */ = {isa = PBXFileReference; fileEncoding = 4; lastKnownFileType = sourcecode.c.objc; path = YMShareSheetCell.m; sourceTree = "<group>"; };
		B7A4CCCF1F6669A100848640 /* YMShareSheetView.h */ = {isa = PBXFileReference; fileEncoding = 4; lastKnownFileType = sourcecode.c.h; path = YMShareSheetView.h; sourceTree = "<group>"; };
		B7A4CCD01F6669A100848640 /* YMShareSheetView.m */ = {isa = PBXFileReference; fileEncoding = 4; lastKnownFileType = sourcecode.c.objc; path = YMShareSheetView.m; sourceTree = "<group>"; };
		B7A4CCD11F6669A100848640 /* YMShareView.h */ = {isa = PBXFileReference; fileEncoding = 4; lastKnownFileType = sourcecode.c.h; path = YMShareView.h; sourceTree = "<group>"; };
		B7A4CCD21F6669A100848640 /* YMShareView.m */ = {isa = PBXFileReference; fileEncoding = 4; lastKnownFileType = sourcecode.c.objc; path = YMShareView.m; sourceTree = "<group>"; };
		B7A4CCD31F6669A100848640 /* YMShareViewDefine.h */ = {isa = PBXFileReference; fileEncoding = 4; lastKnownFileType = sourcecode.c.h; path = YMShareViewDefine.h; sourceTree = "<group>"; };
		B7A4CCD41F6669A100848640 /* YMShareManager.h */ = {isa = PBXFileReference; fileEncoding = 4; lastKnownFileType = sourcecode.c.h; path = YMShareManager.h; sourceTree = "<group>"; };
		B7A4CCD51F6669A100848640 /* YMShareManager.m */ = {isa = PBXFileReference; fileEncoding = 4; lastKnownFileType = sourcecode.c.objc; path = YMShareManager.m; sourceTree = "<group>"; };
		B7A4CCFD1F666D1700848640 /* icon.png */ = {isa = PBXFileReference; lastKnownFileType = image.png; path = icon.png; sourceTree = "<group>"; };
/* End PBXFileReference section */

/* Begin PBXFrameworksBuildPhase section */
		B7A4CC641F66695300848640 /* Frameworks */ = {
			isa = PBXFrameworksBuildPhase;
			buildActionMask = 2147483647;
			files = (
			);
			runOnlyForDeploymentPostprocessing = 0;
		};
		B7A4CC7D1F66695400848640 /* Frameworks */ = {
			isa = PBXFrameworksBuildPhase;
			buildActionMask = 2147483647;
			files = (
			);
			runOnlyForDeploymentPostprocessing = 0;
		};
		B7A4CC881F66695400848640 /* Frameworks */ = {
			isa = PBXFrameworksBuildPhase;
			buildActionMask = 2147483647;
			files = (
			);
			runOnlyForDeploymentPostprocessing = 0;
		};
/* End PBXFrameworksBuildPhase section */

/* Begin PBXGroup section */
		B7A4CC5E1F66695300848640 = {
			isa = PBXGroup;
			children = (
				B7A4CC691F66695300848640 /* YMShareMessage */,
				B7A4CC831F66695400848640 /* YMShareMessageTests */,
				B7A4CC8E1F66695400848640 /* YMShareMessageUITests */,
				B7A4CC681F66695300848640 /* Products */,
			);
			sourceTree = "<group>";
		};
		B7A4CC681F66695300848640 /* Products */ = {
			isa = PBXGroup;
			children = (
				B7A4CC671F66695300848640 /* YMShareMessage.app */,
				B7A4CC801F66695400848640 /* YMShareMessageTests.xctest */,
				B7A4CC8B1F66695400848640 /* YMShareMessageUITests.xctest */,
			);
			name = Products;
			sourceTree = "<group>";
		};
		B7A4CC691F66695300848640 /* YMShareMessage */ = {
			isa = PBXGroup;
			children = (
				B7A4CC9D1F6669A100848640 /* YMShareMessage */,
				B7A4CC6D1F66695300848640 /* AppDelegate.h */,
				B7A4CC6E1F66695300848640 /* AppDelegate.m */,
				B7A4CC701F66695300848640 /* ViewController.h */,
				B7A4CC711F66695300848640 /* ViewController.m */,
				B7A4CC731F66695300848640 /* Main.storyboard */,
				B7A4CC761F66695300848640 /* Assets.xcassets */,
				B7A4CC781F66695300848640 /* LaunchScreen.storyboard */,
				B7A4CC7B1F66695300848640 /* Info.plist */,
				B7A4CC6A1F66695300848640 /* Supporting Files */,
			);
			path = YMShareMessage;
			sourceTree = "<group>";
		};
		B7A4CC6A1F66695300848640 /* Supporting Files */ = {
			isa = PBXGroup;
			children = (
				B7A4CC6B1F66695300848640 /* main.m */,
			);
			name = "Supporting Files";
			sourceTree = "<group>";
		};
		B7A4CC831F66695400848640 /* YMShareMessageTests */ = {
			isa = PBXGroup;
			children = (
				B7A4CC841F66695400848640 /* YMShareMessageTests.m */,
				B7A4CC861F66695400848640 /* Info.plist */,
			);
			path = YMShareMessageTests;
			sourceTree = "<group>";
		};
		B7A4CC8E1F66695400848640 /* YMShareMessageUITests */ = {
			isa = PBXGroup;
			children = (
				B7A4CC8F1F66695400848640 /* YMShareMessageUITests.m */,
				B7A4CC911F66695400848640 /* Info.plist */,
			);
			path = YMShareMessageUITests;
			sourceTree = "<group>";
		};
		B7A4CC9D1F6669A100848640 /* YMShareMessage */ = {
			isa = PBXGroup;
			children = (
				B7A4CC9E1F6669A100848640 /* Openshare */,
				B7A4CCAC1F6669A100848640 /* Resources */,
				B7A4CCC81F6669A100848640 /* ShareView */,
				B7A4CCD41F6669A100848640 /* YMShareManager.h */,
				B7A4CCD51F6669A100848640 /* YMShareManager.m */,
			);
			path = YMShareMessage;
			sourceTree = "<group>";
		};
		B7A4CC9E1F6669A100848640 /* Openshare */ = {
			isa = PBXGroup;
			children = (
				B7A4CC9F1F6669A100848640 /* OpenShare+Alipay.h */,
				B7A4CCA01F6669A100848640 /* OpenShare+Alipay.m */,
				B7A4CCA11F6669A100848640 /* OpenShare+QQ.h */,
				B7A4CCA21F6669A100848640 /* OpenShare+QQ.m */,
				B7A4CCA31F6669A100848640 /* OpenShare+Renren.h */,
				B7A4CCA41F6669A100848640 /* OpenShare+Renren.m */,
				B7A4CCA51F6669A100848640 /* OpenShare+Weibo.h */,
				B7A4CCA61F6669A100848640 /* OpenShare+Weibo.m */,
				B7A4CCA71F6669A100848640 /* OpenShare+Weixin.h */,
				B7A4CCA81F6669A100848640 /* OpenShare+Weixin.m */,
				B7A4CCA91F6669A100848640 /* OpenShare.h */,
				B7A4CCAA1F6669A100848640 /* OpenShare.m */,
				B7A4CCAB1F6669A100848640 /* OpenShareHeader.h */,
			);
			path = Openshare;
			sourceTree = "<group>";
		};
		B7A4CCAC1F6669A100848640 /* Resources */ = {
			isa = PBXGroup;
			children = (
				B7A4CCFD1F666D1700848640 /* icon.png */,
				B7A4CCAD1F6669A100848640 /* Action_Copy@2x.png */,
				B7A4CCAE1F6669A100848640 /* Action_Copy@3x.png */,
				B7A4CCAF1F6669A100848640 /* Action_facebook@2x.png */,
				B7A4CCB01F6669A100848640 /* Action_facebook@3x.png */,
				B7A4CCB11F6669A100848640 /* Action_Font@2x.png */,
				B7A4CCB21F6669A100848640 /* Action_Font@3x.png */,
				B7A4CCB31F6669A100848640 /* Action_Friends@2x.png */,
				B7A4CCB41F6669A100848640 /* Action_Friends@3x.png */,
				B7A4CCB51F6669A100848640 /* Action_Melting@2x.png */,
				B7A4CCB61F6669A100848640 /* Action_Melting@3x.png */,
				B7A4CCB71F6669A100848640 /* Action_Moments@2x.png */,
				B7A4CCB81F6669A100848640 /* Action_Moments@3x.png */,
				B7A4CCB91F6669A100848640 /* Action_MyFavAdd@2x.png */,
				B7A4CCBA1F6669A100848640 /* Action_MyFavAdd@3x.png */,
				B7A4CCBB1F6669A100848640 /* Action_QQ@2x.png */,
				B7A4CCBC1F6669A100848640 /* Action_QQ@3x.png */,
				B7A4CCBD1F6669A100848640 /* Action_qzone@2x.png */,
				B7A4CCBE1F6669A100848640 /* Action_qzone@3x.png */,
				B7A4CCBF1F6669A100848640 /* Action_Refresh@2x.png */,
				B7A4CCC01F6669A100848640 /* Action_Refresh@3x.png */,
				B7A4CCC11F6669A100848640 /* Action_Share@2x.png */,
				B7A4CCC21F6669A100848640 /* Action_Share@3x.png */,
				B7A4CCC31F6669A100848640 /* Action_Verified@2x.png */,
				B7A4CCC41F6669A100848640 /* Action_Verified@3x.png */,
				B7A4CCC51F6669A100848640 /* background@2x.png */,
				B7A4CCC61F6669A100848640 /* barbuttonicon_more@2x.png */,
				B7A4CCC71F6669A100848640 /* barbuttonicon_more@3x.png */,
			);
			path = Resources;
			sourceTree = "<group>";
		};
		B7A4CCC81F6669A100848640 /* ShareView */ = {
			isa = PBXGroup;
			children = (
				B7A4CCC91F6669A100848640 /* YMShareItem.h */,
				B7A4CCCA1F6669A100848640 /* YMShareItem.m */,
				B7A4CCCB1F6669A100848640 /* YMShareItemCell.h */,
				B7A4CCCC1F6669A100848640 /* YMShareItemCell.m */,
				B7A4CCCD1F6669A100848640 /* YMShareSheetCell.h */,
				B7A4CCCE1F6669A100848640 /* YMShareSheetCell.m */,
				B7A4CCCF1F6669A100848640 /* YMShareSheetView.h */,
				B7A4CCD01F6669A100848640 /* YMShareSheetView.m */,
				B7A4CCD11F6669A100848640 /* YMShareView.h */,
				B7A4CCD21F6669A100848640 /* YMShareView.m */,
				B7A4CCD31F6669A100848640 /* YMShareViewDefine.h */,
			);
			path = ShareView;
			sourceTree = "<group>";
		};
/* End PBXGroup section */

/* Begin PBXNativeTarget section */
		B7A4CC661F66695300848640 /* YMShareMessage */ = {
			isa = PBXNativeTarget;
			buildConfigurationList = B7A4CC941F66695400848640 /* Build configuration list for PBXNativeTarget "YMShareMessage" */;
			buildPhases = (
				B7A4CC631F66695300848640 /* Sources */,
				B7A4CC641F66695300848640 /* Frameworks */,
				B7A4CC651F66695300848640 /* Resources */,
			);
			buildRules = (
			);
			dependencies = (
			);
			name = YMShareMessage;
			productName = YMShareMessage;
			productReference = B7A4CC671F66695300848640 /* YMShareMessage.app */;
			productType = "com.apple.product-type.application";
		};
		B7A4CC7F1F66695400848640 /* YMShareMessageTests */ = {
			isa = PBXNativeTarget;
			buildConfigurationList = B7A4CC971F66695400848640 /* Build configuration list for PBXNativeTarget "YMShareMessageTests" */;
			buildPhases = (
				B7A4CC7C1F66695400848640 /* Sources */,
				B7A4CC7D1F66695400848640 /* Frameworks */,
				B7A4CC7E1F66695400848640 /* Resources */,
			);
			buildRules = (
			);
			dependencies = (
				B7A4CC821F66695400848640 /* PBXTargetDependency */,
			);
			name = YMShareMessageTests;
			productName = YMShareMessageTests;
			productReference = B7A4CC801F66695400848640 /* YMShareMessageTests.xctest */;
			productType = "com.apple.product-type.bundle.unit-test";
		};
		B7A4CC8A1F66695400848640 /* YMShareMessageUITests */ = {
			isa = PBXNativeTarget;
			buildConfigurationList = B7A4CC9A1F66695400848640 /* Build configuration list for PBXNativeTarget "YMShareMessageUITests" */;
			buildPhases = (
				B7A4CC871F66695400848640 /* Sources */,
				B7A4CC881F66695400848640 /* Frameworks */,
				B7A4CC891F66695400848640 /* Resources */,
			);
			buildRules = (
			);
			dependencies = (
				B7A4CC8D1F66695400848640 /* PBXTargetDependency */,
			);
			name = YMShareMessageUITests;
			productName = YMShareMessageUITests;
			productReference = B7A4CC8B1F66695400848640 /* YMShareMessageUITests.xctest */;
			productType = "com.apple.product-type.bundle.ui-testing";
		};
/* End PBXNativeTarget section */

/* Begin PBXProject section */
		B7A4CC5F1F66695300848640 /* Project object */ = {
			isa = PBXProject;
			attributes = {
				LastUpgradeCheck = 0830;
				ORGANIZATIONNAME = YoungMonk;
				TargetAttributes = {
					B7A4CC661F66695300848640 = {
						CreatedOnToolsVersion = 8.3.3;
						ProvisioningStyle = Automatic;
					};
					B7A4CC7F1F66695400848640 = {
						CreatedOnToolsVersion = 8.3.3;
						ProvisioningStyle = Automatic;
						TestTargetID = B7A4CC661F66695300848640;
					};
					B7A4CC8A1F66695400848640 = {
						CreatedOnToolsVersion = 8.3.3;
						ProvisioningStyle = Automatic;
						TestTargetID = B7A4CC661F66695300848640;
					};
				};
			};
			buildConfigurationList = B7A4CC621F66695300848640 /* Build configuration list for PBXProject "YMShareMessage" */;
			compatibilityVersion = "Xcode 3.2";
			developmentRegion = English;
			hasScannedForEncodings = 0;
			knownRegions = (
				en,
				Base,
			);
			mainGroup = B7A4CC5E1F66695300848640;
			productRefGroup = B7A4CC681F66695300848640 /* Products */;
			projectDirPath = "";
			projectRoot = "";
			targets = (
				B7A4CC661F66695300848640 /* YMShareMessage */,
				B7A4CC7F1F66695400848640 /* YMShareMessageTests */,
				B7A4CC8A1F66695400848640 /* YMShareMessageUITests */,
			);
		};
/* End PBXProject section */

/* Begin PBXResourcesBuildPhase section */
		B7A4CC651F66695300848640 /* Resources */ = {
			isa = PBXResourcesBuildPhase;
			buildActionMask = 2147483647;
			files = (
				B7A4CCEE1F6669A100848640 /* Action_Refresh@2x.png in Resources */,
				B7A4CCE71F6669A100848640 /* Action_Moments@3x.png in Resources */,
				B7A4CCDE1F6669A100848640 /* Action_facebook@2x.png in Resources */,
				B7A4CCEA1F6669A100848640 /* Action_QQ@2x.png in Resources */,
				B7A4CCE31F6669A100848640 /* Action_Friends@3x.png in Resources */,
				B7A4CC7A1F66695300848640 /* LaunchScreen.storyboard in Resources */,
				B7A4CCED1F6669A100848640 /* Action_qzone@3x.png in Resources */,
				B7A4CCF61F6669A100848640 /* barbuttonicon_more@3x.png in Resources */,
				B7A4CCFE1F666D1700848640 /* icon.png in Resources */,
				B7A4CCF51F6669A100848640 /* barbuttonicon_more@2x.png in Resources */,
				B7A4CCEF1F6669A100848640 /* Action_Refresh@3x.png in Resources */,
				B7A4CCF01F6669A100848640 /* Action_Share@2x.png in Resources */,
				B7A4CCF11F6669A100848640 /* Action_Share@3x.png in Resources */,
				B7A4CCF41F6669A100848640 /* background@2x.png in Resources */,
				B7A4CCEB1F6669A100848640 /* Action_QQ@3x.png in Resources */,
				B7A4CCEC1F6669A100848640 /* Action_qzone@2x.png in Resources */,
				B7A4CCF31F6669A100848640 /* Action_Verified@3x.png in Resources */,
				B7A4CCE21F6669A100848640 /* Action_Friends@2x.png in Resources */,
				B7A4CCDF1F6669A100848640 /* Action_facebook@3x.png in Resources */,
				B7A4CCE91F6669A100848640 /* Action_MyFavAdd@3x.png in Resources */,
				B7A4CCE51F6669A100848640 /* Action_Melting@3x.png in Resources */,
				B7A4CCF21F6669A100848640 /* Action_Verified@2x.png in Resources */,
				B7A4CCE01F6669A100848640 /* Action_Font@2x.png in Resources */,
				B7A4CC771F66695300848640 /* Assets.xcassets in Resources */,
				B7A4CCE61F6669A100848640 /* Action_Moments@2x.png in Resources */,
				B7A4CC751F66695300848640 /* Main.storyboard in Resources */,
				B7A4CCE11F6669A100848640 /* Action_Font@3x.png in Resources */,
				B7A4CCE81F6669A100848640 /* Action_MyFavAdd@2x.png in Resources */,
				B7A4CCDC1F6669A100848640 /* Action_Copy@2x.png in Resources */,
				B7A4CCDD1F6669A100848640 /* Action_Copy@3x.png in Resources */,
				B7A4CCE41F6669A100848640 /* Action_Melting@2x.png in Resources */,
			);
			runOnlyForDeploymentPostprocessing = 0;
		};
		B7A4CC7E1F66695400848640 /* Resources */ = {
			isa = PBXResourcesBuildPhase;
			buildActionMask = 2147483647;
			files = (
			);
			runOnlyForDeploymentPostprocessing = 0;
		};
		B7A4CC891F66695400848640 /* Resources */ = {
			isa = PBXResourcesBuildPhase;
			buildActionMask = 2147483647;
			files = (
			);
			runOnlyForDeploymentPostprocessing = 0;
		};
/* End PBXResourcesBuildPhase section */

/* Begin PBXSourcesBuildPhase section */
		B7A4CC631F66695300848640 /* Sources */ = {
			isa = PBXSourcesBuildPhase;
			buildActionMask = 2147483647;
			files = (
				B7A4CC721F66695300848640 /* ViewController.m in Sources */,
				B7A4CCDA1F6669A100848640 /* OpenShare+Weixin.m in Sources */,
				B7A4CCD91F6669A100848640 /* OpenShare+Weibo.m in Sources */,
				B7A4CCD71F6669A100848640 /* OpenShare+QQ.m in Sources */,
				B7A4CCF81F6669A100848640 /* YMShareItemCell.m in Sources */,
				B7A4CCDB1F6669A100848640 /* OpenShare.m in Sources */,
				B7A4CCFA1F6669A100848640 /* YMShareSheetView.m in Sources */,
				B7A4CCD61F6669A100848640 /* OpenShare+Alipay.m in Sources */,
				B7A4CCFB1F6669A100848640 /* YMShareView.m in Sources */,
				B7A4CCFC1F6669A100848640 /* YMShareManager.m in Sources */,
				B7A4CC6F1F66695300848640 /* AppDelegate.m in Sources */,
				B7A4CC6C1F66695300848640 /* main.m in Sources */,
				B7A4CCF71F6669A100848640 /* YMShareItem.m in Sources */,
				B7A4CCD81F6669A100848640 /* OpenShare+Renren.m in Sources */,
				B7A4CCF91F6669A100848640 /* YMShareSheetCell.m in Sources */,
			);
			runOnlyForDeploymentPostprocessing = 0;
		};
		B7A4CC7C1F66695400848640 /* Sources */ = {
			isa = PBXSourcesBuildPhase;
			buildActionMask = 2147483647;
			files = (
				B7A4CC851F66695400848640 /* YMShareMessageTests.m in Sources */,
			);
			runOnlyForDeploymentPostprocessing = 0;
		};
		B7A4CC871F66695400848640 /* Sources */ = {
			isa = PBXSourcesBuildPhase;
			buildActionMask = 2147483647;
			files = (
				B7A4CC901F66695400848640 /* YMShareMessageUITests.m in Sources */,
			);
			runOnlyForDeploymentPostprocessing = 0;
		};
/* End PBXSourcesBuildPhase section */

/* Begin PBXTargetDependency section */
		B7A4CC821F66695400848640 /* PBXTargetDependency */ = {
			isa = PBXTargetDependency;
			target = B7A4CC661F66695300848640 /* YMShareMessage */;
			targetProxy = B7A4CC811F66695400848640 /* PBXContainerItemProxy */;
		};
		B7A4CC8D1F66695400848640 /* PBXTargetDependency */ = {
			isa = PBXTargetDependency;
			target = B7A4CC661F66695300848640 /* YMShareMessage */;
			targetProxy = B7A4CC8C1F66695400848640 /* PBXContainerItemProxy */;
		};
/* End PBXTargetDependency section */

/* Begin PBXVariantGroup section */
		B7A4CC731F66695300848640 /* Main.storyboard */ = {
			isa = PBXVariantGroup;
			children = (
				B7A4CC741F66695300848640 /* Base */,
			);
			name = Main.storyboard;
			sourceTree = "<group>";
		};
		B7A4CC781F66695300848640 /* LaunchScreen.storyboard */ = {
			isa = PBXVariantGroup;
			children = (
				B7A4CC791F66695300848640 /* Base */,
			);
			name = LaunchScreen.storyboard;
			sourceTree = "<group>";
		};
/* End PBXVariantGroup section */

/* Begin XCBuildConfiguration section */
		B7A4CC921F66695400848640 /* Debug */ = {
			isa = XCBuildConfiguration;
			buildSettings = {
				ALWAYS_SEARCH_USER_PATHS = NO;
				CLANG_ANALYZER_NONNULL = YES;
				CLANG_ANALYZER_NUMBER_OBJECT_CONVERSION = YES_AGGRESSIVE;
				CLANG_CXX_LANGUAGE_STANDARD = "gnu++0x";
				CLANG_CXX_LIBRARY = "libc++";
				CLANG_ENABLE_MODULES = YES;
				CLANG_ENABLE_OBJC_ARC = YES;
				CLANG_WARN_BOOL_CONVERSION = YES;
				CLANG_WARN_CONSTANT_CONVERSION = YES;
				CLANG_WARN_DIRECT_OBJC_ISA_USAGE = YES_ERROR;
				CLANG_WARN_DOCUMENTATION_COMMENTS = YES;
				CLANG_WARN_EMPTY_BODY = YES;
				CLANG_WARN_ENUM_CONVERSION = YES;
				CLANG_WARN_INFINITE_RECURSION = YES;
				CLANG_WARN_INT_CONVERSION = YES;
				CLANG_WARN_OBJC_ROOT_CLASS = YES_ERROR;
				CLANG_WARN_SUSPICIOUS_MOVE = YES;
				CLANG_WARN_UNREACHABLE_CODE = YES;
				CLANG_WARN__DUPLICATE_METHOD_MATCH = YES;
				"CODE_SIGN_IDENTITY[sdk=iphoneos*]" = "iPhone Developer";
				COPY_PHASE_STRIP = NO;
				DEBUG_INFORMATION_FORMAT = dwarf;
				ENABLE_STRICT_OBJC_MSGSEND = YES;
				ENABLE_TESTABILITY = YES;
				GCC_C_LANGUAGE_STANDARD = gnu99;
				GCC_DYNAMIC_NO_PIC = NO;
				GCC_NO_COMMON_BLOCKS = YES;
				GCC_OPTIMIZATION_LEVEL = 0;
				GCC_PREPROCESSOR_DEFINITIONS = (
					"DEBUG=1",
					"$(inherited)",
				);
				GCC_WARN_64_TO_32_BIT_CONVERSION = YES;
				GCC_WARN_ABOUT_RETURN_TYPE = YES_ERROR;
				GCC_WARN_UNDECLARED_SELECTOR = YES;
				GCC_WARN_UNINITIALIZED_AUTOS = YES_AGGRESSIVE;
				GCC_WARN_UNUSED_FUNCTION = YES;
				GCC_WARN_UNUSED_VARIABLE = YES;
				IPHONEOS_DEPLOYMENT_TARGET = 10.3;
				MTL_ENABLE_DEBUG_INFO = YES;
				ONLY_ACTIVE_ARCH = YES;
				SDKROOT = iphoneos;
				TARGETED_DEVICE_FAMILY = "1,2";
			};
			name = Debug;
		};
		B7A4CC931F66695400848640 /* Release */ = {
			isa = XCBuildConfiguration;
			buildSettings = {
				ALWAYS_SEARCH_USER_PATHS = NO;
				CLANG_ANALYZER_NONNULL = YES;
				CLANG_ANALYZER_NUMBER_OBJECT_CONVERSION = YES_AGGRESSIVE;
				CLANG_CXX_LANGUAGE_STANDARD = "gnu++0x";
				CLANG_CXX_LIBRARY = "libc++";
				CLANG_ENABLE_MODULES = YES;
				CLANG_ENABLE_OBJC_ARC = YES;
				CLANG_WARN_BOOL_CONVERSION = YES;
				CLANG_WARN_CONSTANT_CONVERSION = YES;
				CLANG_WARN_DIRECT_OBJC_ISA_USAGE = YES_ERROR;
				CLANG_WARN_DOCUMENTATION_COMMENTS = YES;
				CLANG_WARN_EMPTY_BODY = YES;
				CLANG_WARN_ENUM_CONVERSION = YES;
				CLANG_WARN_INFINITE_RECURSION = YES;
				CLANG_WARN_INT_CONVERSION = YES;
				CLANG_WARN_OBJC_ROOT_CLASS = YES_ERROR;
				CLANG_WARN_SUSPICIOUS_MOVE = YES;
				CLANG_WARN_UNREACHABLE_CODE = YES;
				CLANG_WARN__DUPLICATE_METHOD_MATCH = YES;
				"CODE_SIGN_IDENTITY[sdk=iphoneos*]" = "iPhone Developer";
				COPY_PHASE_STRIP = NO;
				DEBUG_INFORMATION_FORMAT = "dwarf-with-dsym";
				ENABLE_NS_ASSERTIONS = NO;
				ENABLE_STRICT_OBJC_MSGSEND = YES;
				GCC_C_LANGUAGE_STANDARD = gnu99;
				GCC_NO_COMMON_BLOCKS = YES;
				GCC_WARN_64_TO_32_BIT_CONVERSION = YES;
				GCC_WARN_ABOUT_RETURN_TYPE = YES_ERROR;
				GCC_WARN_UNDECLARED_SELECTOR = YES;
				GCC_WARN_UNINITIALIZED_AUTOS = YES_AGGRESSIVE;
				GCC_WARN_UNUSED_FUNCTION = YES;
				GCC_WARN_UNUSED_VARIABLE = YES;
				IPHONEOS_DEPLOYMENT_TARGET = 10.3;
				MTL_ENABLE_DEBUG_INFO = NO;
				SDKROOT = iphoneos;
				TARGETED_DEVICE_FAMILY = "1,2";
				VALIDATE_PRODUCT = YES;
			};
			name = Release;
		};
		B7A4CC951F66695400848640 /* Debug */ = {
			isa = XCBuildConfiguration;
			buildSettings = {
				ASSETCATALOG_COMPILER_APPICON_NAME = AppIcon;
				INFOPLIST_FILE = YMShareMessage/Info.plist;
				LD_RUNPATH_SEARCH_PATHS = "$(inherited) @executable_path/Frameworks";
				PRODUCT_BUNDLE_IDENTIFIER = cn.youngmonk.YMShareMessage;
				PRODUCT_NAME = "$(TARGET_NAME)";
			};
			name = Debug;
		};
		B7A4CC961F66695400848640 /* Release */ = {
			isa = XCBuildConfiguration;
			buildSettings = {
				ASSETCATALOG_COMPILER_APPICON_NAME = AppIcon;
				INFOPLIST_FILE = YMShareMessage/Info.plist;
				LD_RUNPATH_SEARCH_PATHS = "$(inherited) @executable_path/Frameworks";
				PRODUCT_BUNDLE_IDENTIFIER = cn.youngmonk.YMShareMessage;
				PRODUCT_NAME = "$(TARGET_NAME)";
			};
			name = Release;
		};
		B7A4CC981F66695400848640 /* Debug */ = {
			isa = XCBuildConfiguration;
			buildSettings = {
				BUNDLE_LOADER = "$(TEST_HOST)";
				INFOPLIST_FILE = YMShareMessageTests/Info.plist;
				LD_RUNPATH_SEARCH_PATHS = "$(inherited) @executable_path/Frameworks @loader_path/Frameworks";
				PRODUCT_BUNDLE_IDENTIFIER = cn.youngmonk.YMShareMessageTests;
				PRODUCT_NAME = "$(TARGET_NAME)";
				TEST_HOST = "$(BUILT_PRODUCTS_DIR)/YMShareMessage.app/YMShareMessage";
			};
			name = Debug;
		};
		B7A4CC991F66695400848640 /* Release */ = {
			isa = XCBuildConfiguration;
			buildSettings = {
				BUNDLE_LOADER = "$(TEST_HOST)";
				INFOPLIST_FILE = YMShareMessageTests/Info.plist;
				LD_RUNPATH_SEARCH_PATHS = "$(inherited) @executable_path/Frameworks @loader_path/Frameworks";
				PRODUCT_BUNDLE_IDENTIFIER = cn.youngmonk.YMShareMessageTests;
				PRODUCT_NAME = "$(TARGET_NAME)";
				TEST_HOST = "$(BUILT_PRODUCTS_DIR)/YMShareMessage.app/YMShareMessage";
			};
			name = Release;
		};
		B7A4CC9B1F66695400848640 /* Debug */ = {
			isa = XCBuildConfiguration;
			buildSettings = {
				INFOPLIST_FILE = YMShareMessageUITests/Info.plist;
				LD_RUNPATH_SEARCH_PATHS = "$(inherited) @executable_path/Frameworks @loader_path/Frameworks";
				PRODUCT_BUNDLE_IDENTIFIER = cn.youngmonk.YMShareMessageUITests;
				PRODUCT_NAME = "$(TARGET_NAME)";
				TEST_TARGET_NAME = YMShareMessage;
			};
			name = Debug;
		};
		B7A4CC9C1F66695400848640 /* Release */ = {
			isa = XCBuildConfiguration;
			buildSettings = {
				INFOPLIST_FILE = YMShareMessageUITests/Info.plist;
				LD_RUNPATH_SEARCH_PATHS = "$(inherited) @executable_path/Frameworks @loader_path/Frameworks";
				PRODUCT_BUNDLE_IDENTIFIER = cn.youngmonk.YMShareMessageUITests;
				PRODUCT_NAME = "$(TARGET_NAME)";
				TEST_TARGET_NAME = YMShareMessage;
			};
			name = Release;
		};
/* End XCBuildConfiguration section */

/* Begin XCConfigurationList section */
		B7A4CC621F66695300848640 /* Build configuration list for PBXProject "YMShareMessage" */ = {
			isa = XCConfigurationList;
			buildConfigurations = (
				B7A4CC921F66695400848640 /* Debug */,
				B7A4CC931F66695400848640 /* Release */,
			);
			defaultConfigurationIsVisible = 0;
			defaultConfigurationName = Release;
		};
		B7A4CC941F66695400848640 /* Build configuration list for PBXNativeTarget "YMShareMessage" */ = {
			isa = XCConfigurationList;
			buildConfigurations = (
				B7A4CC951F66695400848640 /* Debug */,
				B7A4CC961F66695400848640 /* Release */,
			);
			defaultConfigurationIsVisible = 0;
		};
		B7A4CC971F66695400848640 /* Build configuration list for PBXNativeTarget "YMShareMessageTests" */ = {
			isa = XCConfigurationList;
			buildConfigurations = (
				B7A4CC981F66695400848640 /* Debug */,
				B7A4CC991F66695400848640 /* Release */,
			);
			defaultConfigurationIsVisible = 0;
		};
		B7A4CC9A1F66695400848640 /* Build configuration list for PBXNativeTarget "YMShareMessageUITests" */ = {
			isa = XCConfigurationList;
			buildConfigurations = (
				B7A4CC9B1F66695400848640 /* Debug */,
				B7A4CC9C1F66695400848640 /* Release */,
			);
			defaultConfigurationIsVisible = 0;
		};
/* End XCConfigurationList section */
	};
	rootObject = B7A4CC5F1F66695300848640 /* Project object */;
}
